
Microsoft Visual Studio Solution File, Format Version 12.00
# Visual Studio Version 17
VisualStudioVersion = 17.5.33516.290
MinimumVisualStudioVersion = 10.0.40219.1
Project("{9A19103F-16F7-4668-BE54-9A1E7A4F7556}") = "APIGateway", "APIGateway\APIGateway.csproj", "{3889D025-B7FE-43C8-8855-4272519E5A65}"
EndProject
Project("{2150E333-8FDC-42A3-9474-1A3956D46DE8}") = "Services", "Services", "{53E3DB05-379C-4841-9640-732DFC660BEB}"
EndProject
Project("{9A19103F-16F7-4668-BE54-9A1E7A4F7556}") = "ContactAPI", "Services\ContactAPI\ContactAPI.csproj", "{D7C24025-8610-4F0B-842F-957D192E9FA9}"
EndProject
Project("{9A19103F-16F7-4668-BE54-9A1E7A4F7556}") = "ReservetionAPI", "Services\ReservetionAPI\ReservetionAPI.csproj", "{3B67ABD5-C524-4F32-A1E0-BE376603DC47}"
EndProject
Project("{2150E333-8FDC-42A3-9474-1A3956D46DE8}") = "Contact.API", "Contact.API", "{FE39701B-1D0F-4E9B-AAD8-F6638FA73DD0}"
EndProject
Project("{2150E333-8FDC-42A3-9474-1A3956D46DE8}") = "Reservetion.API", "Reservetion.API", "{2DB035DD-1F89-4F35-9ACE-764F688F4D31}"
EndProject
Project("{9A19103F-16F7-4668-BE54-9A1E7A4F7556}") = "ContactAPI.Infrastructure", "Services\ContactAPI.Infrastructure\ContactAPI.Infrastructure.csproj", "{D6CC1428-0C39-4CFA-9423-3B4630644956}"
EndProject
Project("{9A19103F-16F7-4668-BE54-9A1E7A4F7556}") = "ContactAPI.Models", "Services\ContactAPI.Models\ContactAPI.Models.csproj", "{9509DBB4-263B-457C-BD91-6A75104A0032}"
EndProject
Project("{9A19103F-16F7-4668-BE54-9A1E7A4F7556}") = "ContactAPI.Services", "Services\ContactAPI.Services\ContactAPI.Services.csproj", "{8B62FA21-6FFC-4959-A5F0-34D658DDAB8A}"
EndProject
Project("{FAE04EC0-301F-11D3-BF4B-00C04F79EFBC}") = "ReservationAPI.Infrastructure", "Services\ReservationAPI.Infrastructure\ReservationAPI.Infrastructure.csproj", "{52708B66-C96F-47B1-B239-31E095A188FF}"
EndProject
Project("{FAE04EC0-301F-11D3-BF4B-00C04F79EFBC}") = "ReservationAPI.Models", "Services\ReservationAPI.Models\ReservationAPI.Models.csproj", "{C297B1E8-A0C0-408B-B5D2-CADD75A0812F}"
EndProject
Project("{9A19103F-16F7-4668-BE54-9A1E7A4F7556}") = "ReservationAPI.Services", "Services\ReservationAPI.Services\ReservationAPI.Services.csproj", "{BABC4256-1BA6-4C62-B532-4D388289B18B}"
EndProject
Global
	GlobalSection(SolutionConfigurationPlatforms) = preSolution
		Debug|Any CPU = Debug|Any CPU
		Release|Any CPU = Release|Any CPU
	EndGlobalSection
	GlobalSection(ProjectConfigurationPlatforms) = postSolution
		{3889D025-B7FE-43C8-8855-4272519E5A65}.Debug|Any CPU.ActiveCfg = Debug|Any CPU
		{3889D025-B7FE-43C8-8855-4272519E5A65}.Debug|Any CPU.Build.0 = Debug|Any CPU
		{3889D025-B7FE-43C8-8855-4272519E5A65}.Release|Any CPU.ActiveCfg = Release|Any CPU
		{3889D025-B7FE-43C8-8855-4272519E5A65}.Release|Any CPU.Build.0 = Release|Any CPU
		{D7C24025-8610-4F0B-842F-957D192E9FA9}.Debug|Any CPU.ActiveCfg = Debug|Any CPU
		{D7C24025-8610-4F0B-842F-957D192E9FA9}.Debug|Any CPU.Build.0 = Debug|Any CPU
		{D7C24025-8610-4F0B-842F-957D192E9FA9}.Release|Any CPU.ActiveCfg = Release|Any CPU
		{D7C24025-8610-4F0B-842F-957D192E9FA9}.Release|Any CPU.Build.0 = Release|Any CPU
		{3B67ABD5-C524-4F32-A1E0-BE376603DC47}.Debug|Any CPU.ActiveCfg = Debug|Any CPU
		{3B67ABD5-C524-4F32-A1E0-BE376603DC47}.Debug|Any CPU.Build.0 = Debug|Any CPU
		{3B67ABD5-C524-4F32-A1E0-BE376603DC47}.Release|Any CPU.ActiveCfg = Release|Any CPU
		{3B67ABD5-C524-4F32-A1E0-BE376603DC47}.Release|Any CPU.Build.0 = Release|Any CPU
		{D6CC1428-0C39-4CFA-9423-3B4630644956}.Debug|Any CPU.ActiveCfg = Debug|Any CPU
		{D6CC1428-0C39-4CFA-9423-3B4630644956}.Debug|Any CPU.Build.0 = Debug|Any CPU
		{D6CC1428-0C39-4CFA-9423-3B4630644956}.Release|Any CPU.ActiveCfg = Release|Any CPU
		{D6CC1428-0C39-4CFA-9423-3B4630644956}.Release|Any CPU.Build.0 = Release|Any CPU
		{9509DBB4-263B-457C-BD91-6A75104A0032}.Debug|Any CPU.ActiveCfg = Debug|Any CPU
		{9509DBB4-263B-457C-BD91-6A75104A0032}.Debug|Any CPU.Build.0 = Debug|Any CPU
		{9509DBB4-263B-457C-BD91-6A75104A0032}.Release|Any CPU.ActiveCfg = Release|Any CPU
		{9509DBB4-263B-457C-BD91-6A75104A0032}.Release|Any CPU.Build.0 = Release|Any CPU
		{8B62FA21-6FFC-4959-A5F0-34D658DDAB8A}.Debug|Any CPU.ActiveCfg = Debug|Any CPU
		{8B62FA21-6FFC-4959-A5F0-34D658DDAB8A}.Debug|Any CPU.Build.0 = Debug|Any CPU
		{8B62FA21-6FFC-4959-A5F0-34D658DDAB8A}.Release|Any CPU.ActiveCfg = Release|Any CPU
		{8B62FA21-6FFC-4959-A5F0-34D658DDAB8A}.Release|Any CPU.Build.0 = Release|Any CPU
		{52708B66-C96F-47B1-B239-31E095A188FF}.Debug|Any CPU.ActiveCfg = Debug|Any CPU
		{52708B66-C96F-47B1-B239-31E095A188FF}.Debug|Any CPU.Build.0 = Debug|Any CPU
		{52708B66-C96F-47B1-B239-31E095A188FF}.Release|Any CPU.ActiveCfg = Release|Any CPU
		{52708B66-C96F-47B1-B239-31E095A188FF}.Release|Any CPU.Build.0 = Release|Any CPU
		{C297B1E8-A0C0-408B-B5D2-CADD75A0812F}.Debug|Any CPU.ActiveCfg = Debug|Any CPU
		{C297B1E8-A0C0-408B-B5D2-CADD75A0812F}.Debug|Any CPU.Build.0 = Debug|Any CPU
		{C297B1E8-A0C0-408B-B5D2-CADD75A0812F}.Release|Any CPU.ActiveCfg = Release|Any CPU
		{C297B1E8-A0C0-408B-B5D2-CADD75A0812F}.Release|Any CPU.Build.0 = Release|Any CPU
		{BABC4256-1BA6-4C62-B532-4D388289B18B}.Debug|Any CPU.ActiveCfg = Debug|Any CPU
		{BABC4256-1BA6-4C62-B532-4D388289B18B}.Debug|Any CPU.Build.0 = Debug|Any CPU
		{BABC4256-1BA6-4C62-B532-4D388289B18B}.Release|Any CPU.ActiveCfg = Release|Any CPU
		{BABC4256-1BA6-4C62-B532-4D388289B18B}.Release|Any CPU.Build.0 = Release|Any CPU
	EndGlobalSection
	GlobalSection(SolutionProperties) = preSolution
		HideSolutionNode = FALSE
	EndGlobalSection
	GlobalSection(NestedProjects) = preSolution
		{D7C24025-8610-4F0B-842F-957D192E9FA9} = {FE39701B-1D0F-4E9B-AAD8-F6638FA73DD0}
		{3B67ABD5-C524-4F32-A1E0-BE376603DC47} = {2DB035DD-1F89-4F35-9ACE-764F688F4D31}
		{FE39701B-1D0F-4E9B-AAD8-F6638FA73DD0} = {53E3DB05-379C-4841-9640-732DFC660BEB}
		{2DB035DD-1F89-4F35-9ACE-764F688F4D31} = {53E3DB05-379C-4841-9640-732DFC660BEB}
		{D6CC1428-0C39-4CFA-9423-3B4630644956} = {FE39701B-1D0F-4E9B-AAD8-F6638FA73DD0}
		{9509DBB4-263B-457C-BD91-6A75104A0032} = {FE39701B-1D0F-4E9B-AAD8-F6638FA73DD0}
		{8B62FA21-6FFC-4959-A5F0-34D658DDAB8A} = {FE39701B-1D0F-4E9B-AAD8-F6638FA73DD0}
		{52708B66-C96F-47B1-B239-31E095A188FF} = {2DB035DD-1F89-4F35-9ACE-764F688F4D31}
		{C297B1E8-A0C0-408B-B5D2-CADD75A0812F} = {2DB035DD-1F89-4F35-9ACE-764F688F4D31}
		{BABC4256-1BA6-4C62-B532-4D388289B18B} = {2DB035DD-1F89-4F35-9ACE-764F688F4D31}
	EndGlobalSection
	GlobalSection(ExtensibilityGlobals) = postSolution
		SolutionGuid = {5858F6C0-551D-43B0-A050-551733A8978F}
	EndGlobalSection
EndGlobal
